// !$*UTF8*$!
{
	archiveVersion = 1;
	classes = {
	};
	objectVersion = 50;
	objects = {

/* Begin PBXBuildFile section */
		25B328352456BAF800C8F496 /* AppDelegate.swift in Sources */ = {isa = PBXBuildFile; fileRef = 25B328342456BAF800C8F496 /* AppDelegate.swift */; };
		25B328372456BAF800C8F496 /* SceneDelegate.swift in Sources */ = {isa = PBXBuildFile; fileRef = 25B328362456BAF800C8F496 /* SceneDelegate.swift */; };
		25B328392456BAF800C8F496 /* ViewController.swift in Sources */ = {isa = PBXBuildFile; fileRef = 25B328382456BAF800C8F496 /* ViewController.swift */; };
		25B3283C2456BAF800C8F496 /* Main.storyboard in Resources */ = {isa = PBXBuildFile; fileRef = 25B3283A2456BAF800C8F496 /* Main.storyboard */; };
		25B3283E2456BAFD00C8F496 /* Assets.xcassets in Resources */ = {isa = PBXBuildFile; fileRef = 25B3283D2456BAFD00C8F496 /* Assets.xcassets */; };
		25B328412456BAFD00C8F496 /* LaunchScreen.storyboard in Resources */ = {isa = PBXBuildFile; fileRef = 25B3283F2456BAFD00C8F496 /* LaunchScreen.storyboard */; };
		25B3284C2456BAFD00C8F496 /* map_appTests.swift in Sources */ = {isa = PBXBuildFile; fileRef = 25B3284B2456BAFD00C8F496 /* map_appTests.swift */; };
		25B328572456BAFD00C8F496 /* map_appUITests.swift in Sources */ = {isa = PBXBuildFile; fileRef = 25B328562456BAFD00C8F496 /* map_appUITests.swift */; };
/* End PBXBuildFile section */

/* Begin PBXContainerItemProxy section */
		25B328482456BAFD00C8F496 /* PBXContainerItemProxy */ = {
			isa = PBXContainerItemProxy;
			containerPortal = 25B328292456BAF800C8F496 /* Project object */;
			proxyType = 1;
			remoteGlobalIDString = 25B328302456BAF800C8F496;
			remoteInfo = map_app;
		};
		25B328532456BAFD00C8F496 /* PBXContainerItemProxy */ = {
			isa = PBXContainerItemProxy;
			containerPortal = 25B328292456BAF800C8F496 /* Project object */;
			proxyType = 1;
			remoteGlobalIDString = 25B328302456BAF800C8F496;
			remoteInfo = map_app;
		};
/* End PBXContainerItemProxy section */

/* Begin PBXFileReference section */
		25B328312456BAF800C8F496 /* map_app.app */ = {isa = PBXFileReference; explicitFileType = wrapper.application; includeInIndex = 0; path = map_app.app; sourceTree = BUILT_PRODUCTS_DIR; };
		25B328342456BAF800C8F496 /* AppDelegate.swift */ = {isa = PBXFileReference; lastKnownFileType = sourcecode.swift; path = AppDelegate.swift; sourceTree = "<group>"; };
		25B328362456BAF800C8F496 /* SceneDelegate.swift */ = {isa = PBXFileReference; lastKnownFileType = sourcecode.swift; path = SceneDelegate.swift; sourceTree = "<group>"; };
		25B328382456BAF800C8F496 /* ViewController.swift */ = {isa = PBXFileReference; lastKnownFileType = sourcecode.swift; path = ViewController.swift; sourceTree = "<group>"; };
		25B3283B2456BAF800C8F496 /* Base */ = {isa = PBXFileReference; lastKnownFileType = file.storyboard; name = Base; path = Base.lproj/Main.storyboard; sourceTree = "<group>"; };
		25B3283D2456BAFD00C8F496 /* Assets.xcassets */ = {isa = PBXFileReference; lastKnownFileType = folder.assetcatalog; path = Assets.xcassets; sourceTree = "<group>"; };
		25B328402456BAFD00C8F496 /* Base */ = {isa = PBXFileReference; lastKnownFileType = file.storyboard; name = Base; path = Base.lproj/LaunchScreen.storyboard; sourceTree = "<group>"; };
		25B328422456BAFD00C8F496 /* Info.plist */ = {isa = PBXFileReference; lastKnownFileType = text.plist.xml; path = Info.plist; sourceTree = "<group>"; };
		25B328472456BAFD00C8F496 /* map_appTests.xctest */ = {isa = PBXFileReference; explicitFileType = wrapper.cfbundle; includeInIndex = 0; path = map_appTests.xctest; sourceTree = BUILT_PRODUCTS_DIR; };
		25B3284B2456BAFD00C8F496 /* map_appTests.swift */ = {isa = PBXFileReference; lastKnownFileType = sourcecode.swift; path = map_appTests.swift; sourceTree = "<group>"; };
		25B3284D2456BAFD00C8F496 /* Info.plist */ = {isa = PBXFileReference; lastKnownFileType = text.plist.xml; path = Info.plist; sourceTree = "<group>"; };
		25B328522456BAFD00C8F496 /* map_appUITests.xctest */ = {isa = PBXFileReference; explicitFileType = wrapper.cfbundle; includeInIndex = 0; path = map_appUITests.xctest; sourceTree = BUILT_PRODUCTS_DIR; };
		25B328562456BAFD00C8F496 /* map_appUITests.swift */ = {isa = PBXFileReference; lastKnownFileType = sourcecode.swift; path = map_appUITests.swift; sourceTree = "<group>"; };
		25B328582456BAFD00C8F496 /* Info.plist */ = {isa = PBXFileReference; lastKnownFileType = text.plist.xml; path = Info.plist; sourceTree = "<group>"; };
/* End PBXFileReference section */

/* Begin PBXFrameworksBuildPhase section */
		25B3282E2456BAF800C8F496 /* Frameworks */ = {
			isa = PBXFrameworksBuildPhase;
			buildActionMask = 2147483647;
			files = (
			);
			runOnlyForDeploymentPostprocessing = 0;
		};
		25B328442456BAFD00C8F496 /* Frameworks */ = {
			isa = PBXFrameworksBuildPhase;
			buildActionMask = 2147483647;
			files = (
			);
			runOnlyForDeploymentPostprocessing = 0;
		};
		25B3284F2456BAFD00C8F496 /* Frameworks */ = {
			isa = PBXFrameworksBuildPhase;
			buildActionMask = 2147483647;
			files = (
			);
			runOnlyForDeploymentPostprocessing = 0;
		};
/* End PBXFrameworksBuildPhase section */

/* Begin PBXGroup section */
		25B328282456BAF800C8F496 = {
			isa = PBXGroup;
			children = (
				25B328332456BAF800C8F496 /* map_app */,
				25B3284A2456BAFD00C8F496 /* map_appTests */,
				25B328552456BAFD00C8F496 /* map_appUITests */,
				25B328322456BAF800C8F496 /* Products */,
			);
			sourceTree = "<group>";
		};
		25B328322456BAF800C8F496 /* Products */ = {
			isa = PBXGroup;
			children = (
				25B328312456BAF800C8F496 /* map_app.app */,
				25B328472456BAFD00C8F496 /* map_appTests.xctest */,
				25B328522456BAFD00C8F496 /* map_appUITests.xctest */,
			);
			name = Products;
			sourceTree = "<group>";
		};
		25B328332456BAF800C8F496 /* map_app */ = {
			isa = PBXGroup;
			children = (
				25B328342456BAF800C8F496 /* AppDelegate.swift */,
				25B328362456BAF800C8F496 /* SceneDelegate.swift */,
				25B328382456BAF800C8F496 /* ViewController.swift */,
				25B3283A2456BAF800C8F496 /* Main.storyboard */,
				25B3283D2456BAFD00C8F496 /* Assets.xcassets */,
				25B3283F2456BAFD00C8F496 /* LaunchScreen.storyboard */,
				25B328422456BAFD00C8F496 /* Info.plist */,
			);
			path = map_app;
			sourceTree = "<group>";
		};
		25B3284A2456BAFD00C8F496 /* map_appTests */ = {
			isa = PBXGroup;
			children = (
				25B3284B2456BAFD00C8F496 /* map_appTests.swift */,
				25B3284D2456BAFD00C8F496 /* Info.plist */,
			);
			path = map_appTests;
			sourceTree = "<group>";
		};
		25B328552456BAFD00C8F496 /* map_appUITests */ = {
			isa = PBXGroup;
			children = (
				25B328562456BAFD00C8F496 /* map_appUITests.swift */,
				25B328582456BAFD00C8F496 /* Info.plist */,
			);
			path = map_appUITests;
			sourceTree = "<group>";
		};
/* End PBXGroup section */

/* Begin PBXNativeTarget section */
		25B328302456BAF800C8F496 /* map_app */ = {
			isa = PBXNativeTarget;
			buildConfigurationList = 25B3285B2456BAFD00C8F496 /* Build configuration list for PBXNativeTarget "map_app" */;
			buildPhases = (
				25B3282D2456BAF800C8F496 /* Sources */,
				25B3282E2456BAF800C8F496 /* Frameworks */,
				25B3282F2456BAF800C8F496 /* Resources */,
			);
			buildRules = (
			);
			dependencies = (
			);
			name = map_app;
			productName = map_app;
			productReference = 25B328312456BAF800C8F496 /* map_app.app */;
			productType = "com.apple.product-type.application";
		};
		25B328462456BAFD00C8F496 /* map_appTests */ = {
			isa = PBXNativeTarget;
			buildConfigurationList = 25B3285E2456BAFD00C8F496 /* Build configuration list for PBXNativeTarget "map_appTests" */;
			buildPhases = (
				25B328432456BAFD00C8F496 /* Sources */,
				25B328442456BAFD00C8F496 /* Frameworks */,
				25B328452456BAFD00C8F496 /* Resources */,
			);
			buildRules = (
			);
			dependencies = (
				25B328492456BAFD00C8F496 /* PBXTargetDependency */,
			);
			name = map_appTests;
			productName = map_appTests;
			productReference = 25B328472456BAFD00C8F496 /* map_appTests.xctest */;
			productType = "com.apple.product-type.bundle.unit-test";
		};
		25B328512456BAFD00C8F496 /* map_appUITests */ = {
			isa = PBXNativeTarget;
			buildConfigurationList = 25B328612456BAFD00C8F496 /* Build configuration list for PBXNativeTarget "map_appUITests" */;
			buildPhases = (
				25B3284E2456BAFD00C8F496 /* Sources */,
				25B3284F2456BAFD00C8F496 /* Frameworks */,
				25B328502456BAFD00C8F496 /* Resources */,
			);
			buildRules = (
			);
			dependencies = (
				25B328542456BAFD00C8F496 /* PBXTargetDependency */,
			);
			name = map_appUITests;
			productName = map_appUITests;
			productReference = 25B328522456BAFD00C8F496 /* map_appUITests.xctest */;
			productType = "com.apple.product-type.bundle.ui-testing";
		};
/* End PBXNativeTarget section */

/* Begin PBXProject section */
		25B328292456BAF800C8F496 /* Project object */ = {
			isa = PBXProject;
			attributes = {
				LastSwiftUpdateCheck = 1140;
				LastUpgradeCheck = 1140;
				ORGANIZATIONNAME = fejleszTech;
				TargetAttributes = {
					25B328302456BAF800C8F496 = {
						CreatedOnToolsVersion = 11.4.1;
					};
					25B328462456BAFD00C8F496 = {
						CreatedOnToolsVersion = 11.4.1;
						TestTargetID = 25B328302456BAF800C8F496;
					};
					25B328512456BAFD00C8F496 = {
						CreatedOnToolsVersion = 11.4.1;
						TestTargetID = 25B328302456BAF800C8F496;
					};
				};
			};
			buildConfigurationList = 25B3282C2456BAF800C8F496 /* Build configuration list for PBXProject "map_app" */;
			compatibilityVersion = "Xcode 9.3";
			developmentRegion = en;
			hasScannedForEncodings = 0;
			knownRegions = (
				en,
				Base,
			);
			mainGroup = 25B328282456BAF800C8F496;
			productRefGroup = 25B328322456BAF800C8F496 /* Products */;
			projectDirPath = "";
			projectRoot = "";
			targets = (
				25B328302456BAF800C8F496 /* map_app */,
				25B328462456BAFD00C8F496 /* map_appTests */,
				25B328512456BAFD00C8F496 /* map_appUITests */,
			);
		};
/* End PBXProject section */

/* Begin PBXResourcesBuildPhase section */
		25B3282F2456BAF800C8F496 /* Resources */ = {
			isa = PBXResourcesBuildPhase;
			buildActionMask = 2147483647;
			files = (
				25B328412456BAFD00C8F496 /* LaunchScreen.storyboard in Resources */,
				25B3283E2456BAFD00C8F496 /* Assets.xcassets in Resources */,
				25B3283C2456BAF800C8F496 /* Main.storyboard in Resources */,
			);
			runOnlyForDeploymentPostprocessing = 0;
		};
		25B328452456BAFD00C8F496 /* Resources */ = {
			isa = PBXResourcesBuildPhase;
			buildActionMask = 2147483647;
			files = (
			);
			runOnlyForDeploymentPostprocessing = 0;
		};
		25B328502456BAFD00C8F496 /* Resources */ = {
			isa = PBXResourcesBuildPhase;
			buildActionMask = 2147483647;
			files = (
			);
			runOnlyForDeploymentPostprocessing = 0;
		};
/* End PBXResourcesBuildPhase section */

/* Begin PBXSourcesBuildPhase section */
		25B3282D2456BAF800C8F496 /* Sources */ = {
			isa = PBXSourcesBuildPhase;
			buildActionMask = 2147483647;
			files = (
				25B328392456BAF800C8F496 /* ViewController.swift in Sources */,
				25B328352456BAF800C8F496 /* AppDelegate.swift in Sources */,
				25B328372456BAF800C8F496 /* SceneDelegate.swift in Sources */,
			);
			runOnlyForDeploymentPostprocessing = 0;
		};
		25B328432456BAFD00C8F496 /* Sources */ = {
			isa = PBXSourcesBuildPhase;
			buildActionMask = 2147483647;
			files = (
				25B3284C2456BAFD00C8F496 /* map_appTests.swift in Sources */,
			);
			runOnlyForDeploymentPostprocessing = 0;
		};
		25B3284E2456BAFD00C8F496 /* Sources */ = {
			isa = PBXSourcesBuildPhase;
			buildActionMask = 2147483647;
			files = (
				25B328572456BAFD00C8F496 /* map_appUITests.swift in Sources */,
			);
			runOnlyForDeploymentPostprocessing = 0;
		};
/* End PBXSourcesBuildPhase section */

/* Begin PBXTargetDependency section */
		25B328492456BAFD00C8F496 /* PBXTargetDependency */ = {
			isa = PBXTargetDependency;
			target = 25B328302456BAF800C8F496 /* map_app */;
			targetProxy = 25B328482456BAFD00C8F496 /* PBXContainerItemProxy */;
		};
		25B328542456BAFD00C8F496 /* PBXTargetDependency */ = {
			isa = PBXTargetDependency;
			target = 25B328302456BAF800C8F496 /* map_app */;
			targetProxy = 25B328532456BAFD00C8F496 /* PBXContainerItemProxy */;
		};
/* End PBXTargetDependency section */

/* Begin PBXVariantGroup section */
		25B3283A2456BAF800C8F496 /* Main.storyboard */ = {
			isa = PBXVariantGroup;
			children = (
				25B3283B2456BAF800C8F496 /* Base */,
			);
			name = Main.storyboard;
			sourceTree = "<group>";
		};
		25B3283F2456BAFD00C8F496 /* LaunchScreen.storyboard */ = {
			isa = PBXVariantGroup;
			children = (
				25B328402456BAFD00C8F496 /* Base */,
			);
			name = LaunchScreen.storyboard;
			sourceTree = "<group>";
		};
/* End PBXVariantGroup section */

/* Begin XCBuildConfiguration section */
		25B328592456BAFD00C8F496 /* Debug */ = {
			isa = XCBuildConfiguration;
			buildSettings = {
				ALWAYS_SEARCH_USER_PATHS = NO;
				CLANG_ANALYZER_NONNULL = YES;
				CLANG_ANALYZER_NUMBER_OBJECT_CONVERSION = YES_AGGRESSIVE;
				CLANG_CXX_LANGUAGE_STANDARD = "gnu++14";
				CLANG_CXX_LIBRARY = "libc++";
				CLANG_ENABLE_MODULES = YES;
				CLANG_ENABLE_OBJC_ARC = YES;
				CLANG_ENABLE_OBJC_WEAK = YES;
				CLANG_WARN_BLOCK_CAPTURE_AUTORELEASING = YES;
				CLANG_WARN_BOOL_CONVERSION = YES;
				CLANG_WARN_COMMA = YES;
				CLANG_WARN_CONSTANT_CONVERSION = YES;
				CLANG_WARN_DEPRECATED_OBJC_IMPLEMENTATIONS = YES;
				CLANG_WARN_DIRECT_OBJC_ISA_USAGE = YES_ERROR;
				CLANG_WARN_DOCUMENTATION_COMMENTS = YES;
				CLANG_WARN_EMPTY_BODY = YES;
				CLANG_WARN_ENUM_CONVERSION = YES;
				CLANG_WARN_INFINITE_RECURSION = YES;
				CLANG_WARN_INT_CONVERSION = YES;
				CLANG_WARN_NON_LITERAL_NULL_CONVERSION = YES;
				CLANG_WARN_OBJC_IMPLICIT_RETAIN_SELF = YES;
				CLANG_WARN_OBJC_LITERAL_CONVERSION = YES;
				CLANG_WARN_OBJC_ROOT_CLASS = YES_ERROR;
				CLANG_WARN_RANGE_LOOP_ANALYSIS = YES;
				CLANG_WARN_STRICT_PROTOTYPES = YES;
				CLANG_WARN_SUSPICIOUS_MOVE = YES;
				CLANG_WARN_UNGUARDED_AVAILABILITY = YES_AGGRESSIVE;
				CLANG_WARN_UNREACHABLE_CODE = YES;
				CLANG_WARN__DUPLICATE_METHOD_MATCH = YES;
				COPY_PHASE_STRIP = NO;
				DEBUG_INFORMATION_FORMAT = dwarf;
				ENABLE_STRICT_OBJC_MSGSEND = YES;
				ENABLE_TESTABILITY = YES;
				GCC_C_LANGUAGE_STANDARD = gnu11;
				GCC_DYNAMIC_NO_PIC = NO;
				GCC_NO_COMMON_BLOCKS = YES;
				GCC_OPTIMIZATION_LEVEL = 0;
				GCC_PREPROCESSOR_DEFINITIONS = (
					"DEBUG=1",
					"$(inherited)",
				);
				GCC_WARN_64_TO_32_BIT_CONVERSION = YES;
				GCC_WARN_ABOUT_RETURN_TYPE = YES_ERROR;
				GCC_WARN_UNDECLARED_SELECTOR = YES;
				GCC_WARN_UNINITIALIZED_AUTOS = YES_AGGRESSIVE;
				GCC_WARN_UNUSED_FUNCTION = YES;
				GCC_WARN_UNUSED_VARIABLE = YES;
				IPHONEOS_DEPLOYMENT_TARGET = 13.4;
				MTL_ENABLE_DEBUG_INFO = INCLUDE_SOURCE;
				MTL_FAST_MATH = YES;
				ONLY_ACTIVE_ARCH = YES;
				SDKROOT = iphoneos;
				SWIFT_ACTIVE_COMPILATION_CONDITIONS = DEBUG;
				SWIFT_OPTIMIZATION_LEVEL = "-Onone";
			};
			name = Debug;
		};
		25B3285A2456BAFD00C8F496 /* Release */ = {
			isa = XCBuildConfiguration;
			buildSettings = {
				ALWAYS_SEARCH_USER_PATHS = NO;
				CLANG_ANALYZER_NONNULL = YES;
				CLANG_ANALYZER_NUMBER_OBJECT_CONVERSION = YES_AGGRESSIVE;
				CLANG_CXX_LANGUAGE_STANDARD = "gnu++14";
				CLANG_CXX_LIBRARY = "libc++";
				CLANG_ENABLE_MODULES = YES;
				CLANG_ENABLE_OBJC_ARC = YES;
				CLANG_ENABLE_OBJC_WEAK = YES;
				CLANG_WARN_BLOCK_CAPTURE_AUTORELEASING = YES;
				CLANG_WARN_BOOL_CONVERSION = YES;
				CLANG_WARN_COMMA = YES;
				CLANG_WARN_CONSTANT_CONVERSION = YES;
				CLANG_WARN_DEPRECATED_OBJC_IMPLEMENTATIONS = YES;
				CLANG_WARN_DIRECT_OBJC_ISA_USAGE = YES_ERROR;
				CLANG_WARN_DOCUMENTATION_COMMENTS = YES;
				CLANG_WARN_EMPTY_BODY = YES;
				CLANG_WARN_ENUM_CONVERSION = YES;
				CLANG_WARN_INFINITE_RECURSION = YES;
				CLANG_WARN_INT_CONVERSION = YES;
				CLANG_WARN_NON_LITERAL_NULL_CONVERSION = YES;
				CLANG_WARN_OBJC_IMPLICIT_RETAIN_SELF = YES;
				CLANG_WARN_OBJC_LITERAL_CONVERSION = YES;
				CLANG_WARN_OBJC_ROOT_CLASS = YES_ERROR;
				CLANG_WARN_RANGE_LOOP_ANALYSIS = YES;
				CLANG_WARN_STRICT_PROTOTYPES = YES;
				CLANG_WARN_SUSPICIOUS_MOVE = YES;
				CLANG_WARN_UNGUARDED_AVAILABILITY = YES_AGGRESSIVE;
				CLANG_WARN_UNREACHABLE_CODE = YES;
				CLANG_WARN__DUPLICATE_METHOD_MATCH = YES;
				COPY_PHASE_STRIP = NO;
				DEBUG_INFORMATION_FORMAT = "dwarf-with-dsym";
				ENABLE_NS_ASSERTIONS = NO;
				ENABLE_STRICT_OBJC_MSGSEND = YES;
				GCC_C_LANGUAGE_STANDARD = gnu11;
				GCC_NO_COMMON_BLOCKS = YES;
				GCC_WARN_64_TO_32_BIT_CONVERSION = YES;
				GCC_WARN_ABOUT_RETURN_TYPE = YES_ERROR;
				GCC_WARN_UNDECLARED_SELECTOR = YES;
				GCC_WARN_UNINITIALIZED_AUTOS = YES_AGGRESSIVE;
				GCC_WARN_UNUSED_FUNCTION = YES;
				GCC_WARN_UNUSED_VARIABLE = YES;
				IPHONEOS_DEPLOYMENT_TARGET = 13.4;
				MTL_ENABLE_DEBUG_INFO = NO;
				MTL_FAST_MATH = YES;
				SDKROOT = iphoneos;
				SWIFT_COMPILATION_MODE = wholemodule;
				SWIFT_OPTIMIZATION_LEVEL = "-O";
				VALIDATE_PRODUCT = YES;
			};
			name = Release;
		};
		25B3285C2456BAFD00C8F496 /* Debug */ = {
			isa = XCBuildConfiguration;
			buildSettings = {
				ASSETCATALOG_COMPILER_APPICON_NAME = AppIcon;
				CODE_SIGN_STYLE = Automatic;
				INFOPLIST_FILE = map_app/Info.plist;
				LD_RUNPATH_SEARCH_PATHS = (
					"$(inherited)",
					"@executable_path/Frameworks",
				);
				PRODUCT_BUNDLE_IDENTIFIER = "fejlesztech.map-app";
				PRODUCT_NAME = "$(TARGET_NAME)";
				SWIFT_VERSION = 5.0;
				TARGETED_DEVICE_FAMILY = "1,2";
			};
			name = Debug;
		};
		25B3285D2456BAFD00C8F496 /* Release */ = {
			isa = XCBuildConfiguration;
			buildSettings = {
				ASSETCATALOG_COMPILER_APPICON_NAME = AppIcon;
				CODE_SIGN_STYLE = Automatic;
				INFOPLIST_FILE = map_app/Info.plist;
				LD_RUNPATH_SEARCH_PATHS = (
					"$(inherited)",
					"@executable_path/Frameworks",
				);
				PRODUCT_BUNDLE_IDENTIFIER = "fejlesztech.map-app";
				PRODUCT_NAME = "$(TARGET_NAME)";
				SWIFT_VERSION = 5.0;
				TARGETED_DEVICE_FAMILY = "1,2";
			};
			name = Release;
		};
		25B3285F2456BAFD00C8F496 /* Debug */ = {
			isa = XCBuildConfiguration;
			buildSettings = {
				ALWAYS_EMBED_SWIFT_STANDARD_LIBRARIES = YES;
				BUNDLE_LOADER = "$(TEST_HOST)";
				CODE_SIGN_STYLE = Automatic;
				INFOPLIST_FILE = map_appTests/Info.plist;
				IPHONEOS_DEPLOYMENT_TARGET = 13.4;
				LD_RUNPATH_SEARCH_PATHS = (
					"$(inherited)",
					"@executable_path/Frameworks",
					"@loader_path/Frameworks",
				);
				PRODUCT_BUNDLE_IDENTIFIER = "fejlesztech.map-appTests";
				PRODUCT_NAME = "$(TARGET_NAME)";
				SWIFT_VERSION = 5.0;
				TARGETED_DEVICE_FAMILY = "1,2";
				TEST_HOST = "$(BUILT_PRODUCTS_DIR)/map_app.app/map_app";
			};
			name = Debug;
		};
		25B328602456BAFD00C8F496 /* Release */ = {
			isa = XCBuildConfiguration;
			buildSettings = {
				ALWAYS_EMBED_SWIFT_STANDARD_LIBRARIES = YES;
				BUNDLE_LOADER = "$(TEST_HOST)";
				CODE_SIGN_STYLE = Automatic;
				INFOPLIST_FILE = map_appTests/Info.plist;
				IPHONEOS_DEPLOYMENT_TARGET = 13.4;
				LD_RUNPATH_SEARCH_PATHS = (
					"$(inherited)",
					"@executable_path/Frameworks",
					"@loader_path/Frameworks",
				);
				PRODUCT_BUNDLE_IDENTIFIER = "fejlesztech.map-appTests";
				PRODUCT_NAME = "$(TARGET_NAME)";
				SWIFT_VERSION = 5.0;
				TARGETED_DEVICE_FAMILY = "1,2";
				TEST_HOST = "$(BUILT_PRODUCTS_DIR)/map_app.app/map_app";
			};
			name = Release;
		};
		25B328622456BAFD00C8F496 /* Debug */ = {
			isa = XCBuildConfiguration;
			buildSettings = {
				ALWAYS_EMBED_SWIFT_STANDARD_LIBRARIES = YES;
				CODE_SIGN_STYLE = Automatic;
				INFOPLIST_FILE = map_appUITests/Info.plist;
				LD_RUNPATH_SEARCH_PATHS = (
					"$(inherited)",
					"@executable_path/Frameworks",
					"@loader_path/Frameworks",
				);
				PRODUCT_BUNDLE_IDENTIFIER = "fejlesztech.map-appUITests";
				PRODUCT_NAME = "$(TARGET_NAME)";
				SWIFT_VERSION = 5.0;
				TARGETED_DEVICE_FAMILY = "1,2";
				TEST_TARGET_NAME = map_app;
			};
			name = Debug;
		};
		25B328632456BAFD00C8F496 /* Release */ = {
			isa = XCBuildConfiguration;
			buildSettings = {
				ALWAYS_EMBED_SWIFT_STANDARD_LIBRARIES = YES;
				CODE_SIGN_STYLE = Automatic;
				INFOPLIST_FILE = map_appUITests/Info.plist;
				LD_RUNPATH_SEARCH_PATHS = (
					"$(inherited)",
					"@executable_path/Frameworks",
					"@loader_path/Frameworks",
				);
				PRODUCT_BUNDLE_IDENTIFIER = "fejlesztech.map-appUITests";
				PRODUCT_NAME = "$(TARGET_NAME)";
				SWIFT_VERSION = 5.0;
				TARGETED_DEVICE_FAMILY = "1,2";
				TEST_TARGET_NAME = map_app;
			};
			name = Release;
		};
/* End XCBuildConfiguration section */

/* Begin XCConfigurationList section */
		25B3282C2456BAF800C8F496 /* Build configuration list for PBXProject "map_app" */ = {
			isa = XCConfigurationList;
			buildConfigurations = (
				25B328592456BAFD00C8F496 /* Debug */,
				25B3285A2456BAFD00C8F496 /* Release */,
			);
			defaultConfigurationIsVisible = 0;
			defaultConfigurationName = Release;
		};
		25B3285B2456BAFD00C8F496 /* Build configuration list for PBXNativeTarget "map_app" */ = {
			isa = XCConfigurationList;
			buildConfigurations = (
				25B3285C2456BAFD00C8F496 /* Debug */,
				25B3285D2456BAFD00C8F496 /* Release */,
			);
			defaultConfigurationIsVisible = 0;
			defaultConfigurationName = Release;
		};
		25B3285E2456BAFD00C8F496 /* Build configuration list for PBXNativeTarget "map_appTests" */ = {
			isa = XCConfigurationList;
			buildConfigurations = (
				25B3285F2456BAFD00C8F496 /* Debug */,
				25B328602456BAFD00C8F496 /* Release */,
			);
			defaultConfigurationIsVisible = 0;
			defaultConfigurationName = Release;
		};
		25B328612456BAFD00C8F496 /* Build configuration list for PBXNativeTarget "map_appUITests" */ = {
			isa = XCConfigurationList;
			buildConfigurations = (
				25B328622456BAFD00C8F496 /* Debug */,
				25B328632456BAFD00C8F496 /* Release */,
			);
			defaultConfigurationIsVisible = 0;
			defaultConfigurationName = Release;
		};
/* End XCConfigurationList section */
	};
	rootObject = 25B328292456BAF800C8F496 /* Project object */;
}
